
Microsoft Visual Studio Solution File, Format Version 12.00
# Visual Studio Version 17
VisualStudioVersion = 17.3.32922.545
MinimumVisualStudioVersion = 10.0.40219.1
Project("{FAE04EC0-301F-11D3-BF4B-00C04F79EFBC}") = "EvaluationManager", "EvaluationManager\EvaluationManager.csproj", "{D2E40B32-43D9-4CB4-8E8F-F8C3837C185A}"
EndProject
Global
	GlobalSection(SolutionConfigurationPlatforms) = preSolution
		Debug|Any CPU = Debug|Any CPU
		Release|Any CPU = Release|Any CPU
	EndGlobalSection
	GlobalSection(ProjectConfigurationPlatforms) = postSolution
		{D2E40B32-43D9-4CB4-8E8F-F8C3837C185A}.Debug|Any CPU.ActiveCfg = Debug|Any CPU
		{D2E40B32-43D9-4CB4-8E8F-F8C3837C185A}.Debug|Any CPU.Build.0 = Debug|Any CPU
		{D2E40B32-43D9-4CB4-8E8F-F8C3837C185A}.Release|Any CPU.ActiveCfg = Release|Any CPU
		{D2E40B32-43D9-4CB4-8E8F-F8C3837C185A}.Release|Any CPU.Build.0 = Release|Any CPU
	EndGlobalSection
	GlobalSection(SolutionProperties) = preSolution
		HideSolutionNode = FALSE
	EndGlobalSection
	GlobalSection(ExtensibilityGlobals) = postSolution
		SolutionGuid = {D0DCBFA3-A289-42A1-9C45-1A3D9DE18684}
	EndGlobalSection
EndGlobal
